{
  "name": "subgen",
  "version": "1.0.0",
  "lockfileVersion": 1,
  "requires": true,
  "dependencies": {
    "mux.js": {
      "version": "5.5.1",
      "resolved": "https://registry.npmjs.org/mux.js/-/mux.js-5.5.1.tgz",
      "integrity": "sha512-5VmmjADBqS4++8pTI6poSRJ+chHdaoI4XErcQPM5w4QfwaDl+FQlSI0iOgWbYDn6CBCbDRKaSCcEiN2K5aHNGQ=="
    }
  }
}
