{
  "name": "subgen",
  "version": "1.0.0",
  "lockfileVersion": 1,
  "requires": true,
  "dependencies": {
    "he": {
      "version": "0.5.0",
      "resolved": "https://registry.npmjs.org/he/-/he-0.5.0.tgz",
      "integrity": "sha1-LAX/rvkLaOhg8/0rVO9YCYknfuI="
    },
    "jquery": {
      "version": "2.2.4",
      "resolved": "https://registry.npmjs.org/jquery/-/jquery-2.2.4.tgz",
      "integrity": "sha1-LInWiJterFIqfuoywUUhVZxsvwI="
    },
    "mux.js": {
      "version": "5.5.1",
      "resolved": "https://registry.npmjs.org/mux.js/-/mux.js-5.5.1.tgz",
      "integrity": "sha512-5VmmjADBqS4++8pTI6poSRJ+chHdaoI4XErcQPM5w4QfwaDl+FQlSI0iOgWbYDn6CBCbDRKaSCcEiN2K5aHNGQ=="
    },
    "video-dl": {
      "version": "4.0.13",
      "resolved": "https://registry.npmjs.org/video-dl/-/video-dl-4.0.13.tgz",
      "integrity": "sha1-WIcqXIBqNZwhlYu9Vk457neqMTs=",
      "requires": {
        "he": "^0.5.0",
        "jquery": "^2.1.4"
      }
    }
  }
}
